
Microsoft Visual Studio Solution File, Format Version 12.00
# Visual Studio Version 17
VisualStudioVersion = 17.5.33502.453
MinimumVisualStudioVersion = 10.0.40219.1
Project("{9A19103F-16F7-4668-BE54-9A1E7A4F7556}") = "Sales.Shared", "Sales.Shared\Sales.Shared.csproj", "{32F98A60-189D-474F-8275-702F19112D08}"
EndProject
Project("{9A19103F-16F7-4668-BE54-9A1E7A4F7556}") = "Sales.API", "Sales.API\Sales.API.csproj", "{79BA3AA5-9390-4E73-8FB3-23FFF536B7C9}"
EndProject
Project("{9A19103F-16F7-4668-BE54-9A1E7A4F7556}") = "Sales.Web", "Sales.Web\Sales.Web.csproj", "{FC0A7DA7-DAFB-4B34-B563-9BBE4CA8BF87}"
EndProject
Global
	GlobalSection(SolutionConfigurationPlatforms) = preSolution
		Debug|Any CPU = Debug|Any CPU
		Release|Any CPU = Release|Any CPU
	EndGlobalSection
	GlobalSection(ProjectConfigurationPlatforms) = postSolution
		{32F98A60-189D-474F-8275-702F19112D08}.Debug|Any CPU.ActiveCfg = Debug|Any CPU
		{32F98A60-189D-474F-8275-702F19112D08}.Debug|Any CPU.Build.0 = Debug|Any CPU
		{32F98A60-189D-474F-8275-702F19112D08}.Release|Any CPU.ActiveCfg = Release|Any CPU
		{32F98A60-189D-474F-8275-702F19112D08}.Release|Any CPU.Build.0 = Release|Any CPU
		{79BA3AA5-9390-4E73-8FB3-23FFF536B7C9}.Debug|Any CPU.ActiveCfg = Debug|Any CPU
		{79BA3AA5-9390-4E73-8FB3-23FFF536B7C9}.Debug|Any CPU.Build.0 = Debug|Any CPU
		{79BA3AA5-9390-4E73-8FB3-23FFF536B7C9}.Release|Any CPU.ActiveCfg = Release|Any CPU
		{79BA3AA5-9390-4E73-8FB3-23FFF536B7C9}.Release|Any CPU.Build.0 = Release|Any CPU
		{FC0A7DA7-DAFB-4B34-B563-9BBE4CA8BF87}.Debug|Any CPU.ActiveCfg = Debug|Any CPU
		{FC0A7DA7-DAFB-4B34-B563-9BBE4CA8BF87}.Debug|Any CPU.Build.0 = Debug|Any CPU
		{FC0A7DA7-DAFB-4B34-B563-9BBE4CA8BF87}.Release|Any CPU.ActiveCfg = Release|Any CPU
		{FC0A7DA7-DAFB-4B34-B563-9BBE4CA8BF87}.Release|Any CPU.Build.0 = Release|Any CPU
	EndGlobalSection
	GlobalSection(SolutionProperties) = preSolution
		HideSolutionNode = FALSE
	EndGlobalSection
	GlobalSection(ExtensibilityGlobals) = postSolution
		SolutionGuid = {F097B01C-81C9-4322-AA4A-676CC88EB19C}
	EndGlobalSection
EndGlobal
